
Microsoft Visual Studio Solution File, Format Version 12.00
# Visual Studio Version 17
VisualStudioVersion = 17.10.34804.81
MinimumVisualStudioVersion = 10.0.40219.1
Project("{FAE04EC0-301F-11D3-BF4B-00C04F79EFBC}") = "wordguessingame", "wordguessingame\wordguessingame.csproj", "{C9C4192B-428A-4D58-BB71-483FBEF08263}"
EndProject
Global
	GlobalSection(SolutionConfigurationPlatforms) = preSolution
		Debug|Any CPU = Debug|Any CPU
		Release|Any CPU = Release|Any CPU
	EndGlobalSection
	GlobalSection(ProjectConfigurationPlatforms) = postSolution
		{C9C4192B-428A-4D58-BB71-483FBEF08263}.Debug|Any CPU.ActiveCfg = Debug|Any CPU
		{C9C4192B-428A-4D58-BB71-483FBEF08263}.Debug|Any CPU.Build.0 = Debug|Any CPU
		{C9C4192B-428A-4D58-BB71-483FBEF08263}.Release|Any CPU.ActiveCfg = Release|Any CPU
		{C9C4192B-428A-4D58-BB71-483FBEF08263}.Release|Any CPU.Build.0 = Release|Any CPU
	EndGlobalSection
	GlobalSection(SolutionProperties) = preSolution
		HideSolutionNode = FALSE
	EndGlobalSection
	GlobalSection(ExtensibilityGlobals) = postSolution
		SolutionGuid = {56927DA8-F7A4-4F6F-A071-300A18167B24}
	EndGlobalSection
EndGlobal
